
Microsoft Visual Studio Solution File, Format Version 12.00
# Visual Studio Version 16
VisualStudioVersion = 16.0.30114.105
MinimumVisualStudioVersion = 10.0.40219.1
Project("{FAE04EC0-301F-11D3-BF4B-00C04F79EFBC}") = "TestSpellCheck", "TestSpellCheck.csproj", "{AFD2075D-64B3-4BC2-953B-37AF079C9058}"
EndProject
Global
	GlobalSection(SolutionConfigurationPlatforms) = preSolution
		Debug|Any CPU = Debug|Any CPU
		Release|Any CPU = Release|Any CPU
	EndGlobalSection
	GlobalSection(ProjectConfigurationPlatforms) = postSolution
		{AFD2075D-64B3-4BC2-953B-37AF079C9058}.Debug|Any CPU.ActiveCfg = Debug|Any CPU
		{AFD2075D-64B3-4BC2-953B-37AF079C9058}.Debug|Any CPU.Build.0 = Debug|Any CPU
		{AFD2075D-64B3-4BC2-953B-37AF079C9058}.Release|Any CPU.ActiveCfg = Release|Any CPU
		{AFD2075D-64B3-4BC2-953B-37AF079C9058}.Release|Any CPU.Build.0 = Release|Any CPU
	EndGlobalSection
	GlobalSection(SolutionProperties) = preSolution
		HideSolutionNode = FALSE
	EndGlobalSection
	GlobalSection(ExtensibilityGlobals) = postSolution
		SolutionGuid = {744CC372-FD45-4380-992B-3214387F416D}
	EndGlobalSection
EndGlobal
